
Microsoft Visual Studio Solution File, Format Version 12.00
# Visual Studio Version 17
VisualStudioVersion = 17.0.31903.59
MinimumVisualStudioVersion = 10.0.40219.1
Project("{2150E333-8FDC-42A3-9474-1A3956D46DE8}") = "REZsupport", "REZsupport", "{D729B98E-EC91-50F9-CF08-7865296041D6}"
EndProject
Project("{2150E333-8FDC-42A3-9474-1A3956D46DE8}") = "Services", "Services", "{3B4C31F0-27AC-1F33-36E4-D55C365C52C7}"
EndProject
Project("{FAE04EC0-301F-11D3-BF4B-00C04F79EFBC}") = "Product.API", "REZsupport\Services\Product\Product.API\Product.API.csproj", "{EC7066BC-3151-410A-AA6C-5309CE16A825}"
EndProject
Project("{FAE04EC0-301F-11D3-BF4B-00C04F79EFBC}") = "Product.Core", "REZsupport\Services\Product\Product.Core\Product.Core.csproj", "{5045FF42-5514-4BE2-8F26-1CDB0327F935}"
EndProject
Project("{FAE04EC0-301F-11D3-BF4B-00C04F79EFBC}") = "Product.Application", "REZsupport\Services\Product\Product.Application\Product.Application.csproj", "{7E7A8EA5-F8A6-49B0-B1FC-E94C80143279}"
EndProject
Project("{FAE04EC0-301F-11D3-BF4B-00C04F79EFBC}") = "Product.Infrastructure", "REZsupport\Services\Product\Product.Infrastructure\Product.Infrastructure.csproj", "{7E13ADA6-413F-42FD-9673-11E84B0767EB}"
EndProject
Project("{FAE04EC0-301F-11D3-BF4B-00C04F79EFBC}") = "Inventory.API", "REZsupport\Services\Inventory\Inventory.API\Inventory.API.csproj", "{8D498778-4C03-43A4-82CA-59F9465105C6}"
EndProject
Project("{FAE04EC0-301F-11D3-BF4B-00C04F79EFBC}") = "Inventory.Core", "REZsupport\Services\Inventory\Inventory.Core\Inventory.Core.csproj", "{673B0030-2910-4C98-975E-073A620B8147}"
EndProject
Project("{FAE04EC0-301F-11D3-BF4B-00C04F79EFBC}") = "Inventory.Application", "REZsupport\Services\Inventory\Inventory.Application\Inventory.Application.csproj", "{DE51D2C7-5395-4F69-991E-12C6E30B0F92}"
EndProject
Project("{FAE04EC0-301F-11D3-BF4B-00C04F79EFBC}") = "Inventory.Infrastructure", "REZsupport\Services\Inventory\Inventory.Infrastructure\Inventory.Infrastructure.csproj", "{1CFD2313-7557-476D-97ED-DA0C1703F6A4}"
EndProject
Project("{2150E333-8FDC-42A3-9474-1A3956D46DE8}") = "Inventory", "Inventory", "{02EA681E-C7D8-13C7-8484-4AC65E1B71E8}"
EndProject
Project("{2150E333-8FDC-42A3-9474-1A3956D46DE8}") = "Product", "Product", "{C1EBBBC8-25DF-4B35-981A-3FED65EBB96D}"
EndProject
Project("{2150E333-8FDC-42A3-9474-1A3956D46DE8}") = "Tenant", "Tenant", "{8EBB4EE9-653E-43A3-8129-16923541B7CA}"
EndProject
Project("{FAE04EC0-301F-11D3-BF4B-00C04F79EFBC}") = "Tenant.API", "REZsupport\Services\Tenant\Tenant.API\Tenant.API.csproj", "{7810B081-4124-481E-9CB5-5CFE8B4B7EDB}"
EndProject
Project("{FAE04EC0-301F-11D3-BF4B-00C04F79EFBC}") = "Tenant.Application", "REZsupport\Services\Tenant\Tenant.Application\Tenant.Application.csproj", "{C2CFB8E2-9EC9-4A3B-A6F4-27B8EDFD3AED}"
EndProject
Project("{FAE04EC0-301F-11D3-BF4B-00C04F79EFBC}") = "Tenant.Core", "REZsupport\Services\Tenant\Tenant.Core\Tenant.Core.csproj", "{ED36D96E-DC99-4F7F-BFAC-4BC9AB518003}"
EndProject
Project("{FAE04EC0-301F-11D3-BF4B-00C04F79EFBC}") = "Tenant.Infrastructure", "REZsupport\Services\Tenant\Tenant.Infrastructure\Tenant.Infrastructure.csproj", "{8D5FA5D6-9673-4217-85E9-1491B6159F6D}"
EndProject
Project("{2150E333-8FDC-42A3-9474-1A3956D46DE8}") = "Application", "Application", "{532492DE-B2FD-4570-9CF8-D9107CC4B89B}"
EndProject
Project("{FAE04EC0-301F-11D3-BF4B-00C04F79EFBC}") = "REZsupport.Application", "REZsupport\Application\REZsupport.Application\REZsupport.Application.csproj", "{0C05B796-AFA4-4F6D-B730-046D75389647}"
EndProject
Project("{2150E333-8FDC-42A3-9474-1A3956D46DE8}") = "Core", "Core", "{9D783E27-F77B-45D7-95F3-2853F79FE618}"
EndProject
Project("{FAE04EC0-301F-11D3-BF4B-00C04F79EFBC}") = "REZsupport.Core", "REZsupport\Core\REZsupport.Core\REZsupport.Core.csproj", "{F13B16A4-DC81-4715-856E-4D3810A1C014}"
EndProject
Project("{2150E333-8FDC-42A3-9474-1A3956D46DE8}") = "Infrastructure", "Infrastructure", "{F4D4581D-BC4E-4AB8-BF55-669507FCC6F6}"
EndProject
Project("{FAE04EC0-301F-11D3-BF4B-00C04F79EFBC}") = "REZsupport.Infrastructure", "REZsupport\Infrastructure\REZsupport.Infrastructure\REZsupport.Infrastructure.csproj", "{7843CF7B-9685-46AA-AE8F-DFE7FACA42C3}"
EndProject
Global
	GlobalSection(SolutionConfigurationPlatforms) = preSolution
		Debug|Any CPU = Debug|Any CPU
		Debug|x64 = Debug|x64
		Debug|x86 = Debug|x86
		Release|Any CPU = Release|Any CPU
		Release|x64 = Release|x64
		Release|x86 = Release|x86
	EndGlobalSection
	GlobalSection(ProjectConfigurationPlatforms) = postSolution
		{EC7066BC-3151-410A-AA6C-5309CE16A825}.Debug|Any CPU.ActiveCfg = Debug|Any CPU
		{EC7066BC-3151-410A-AA6C-5309CE16A825}.Debug|Any CPU.Build.0 = Debug|Any CPU
		{EC7066BC-3151-410A-AA6C-5309CE16A825}.Debug|x64.ActiveCfg = Debug|Any CPU
		{EC7066BC-3151-410A-AA6C-5309CE16A825}.Debug|x64.Build.0 = Debug|Any CPU
		{EC7066BC-3151-410A-AA6C-5309CE16A825}.Debug|x86.ActiveCfg = Debug|Any CPU
		{EC7066BC-3151-410A-AA6C-5309CE16A825}.Debug|x86.Build.0 = Debug|Any CPU
		{EC7066BC-3151-410A-AA6C-5309CE16A825}.Release|Any CPU.ActiveCfg = Release|Any CPU
		{EC7066BC-3151-410A-AA6C-5309CE16A825}.Release|Any CPU.Build.0 = Release|Any CPU
		{EC7066BC-3151-410A-AA6C-5309CE16A825}.Release|x64.ActiveCfg = Release|Any CPU
		{EC7066BC-3151-410A-AA6C-5309CE16A825}.Release|x64.Build.0 = Release|Any CPU
		{EC7066BC-3151-410A-AA6C-5309CE16A825}.Release|x86.ActiveCfg = Release|Any CPU
		{EC7066BC-3151-410A-AA6C-5309CE16A825}.Release|x86.Build.0 = Release|Any CPU
		{5045FF42-5514-4BE2-8F26-1CDB0327F935}.Debug|Any CPU.ActiveCfg = Debug|Any CPU
		{5045FF42-5514-4BE2-8F26-1CDB0327F935}.Debug|Any CPU.Build.0 = Debug|Any CPU
		{5045FF42-5514-4BE2-8F26-1CDB0327F935}.Debug|x64.ActiveCfg = Debug|Any CPU
		{5045FF42-5514-4BE2-8F26-1CDB0327F935}.Debug|x64.Build.0 = Debug|Any CPU
		{5045FF42-5514-4BE2-8F26-1CDB0327F935}.Debug|x86.ActiveCfg = Debug|Any CPU
		{5045FF42-5514-4BE2-8F26-1CDB0327F935}.Debug|x86.Build.0 = Debug|Any CPU
		{5045FF42-5514-4BE2-8F26-1CDB0327F935}.Release|Any CPU.ActiveCfg = Release|Any CPU
		{5045FF42-5514-4BE2-8F26-1CDB0327F935}.Release|Any CPU.Build.0 = Release|Any CPU
		{5045FF42-5514-4BE2-8F26-1CDB0327F935}.Release|x64.ActiveCfg = Release|Any CPU
		{5045FF42-5514-4BE2-8F26-1CDB0327F935}.Release|x64.Build.0 = Release|Any CPU
		{5045FF42-5514-4BE2-8F26-1CDB0327F935}.Release|x86.ActiveCfg = Release|Any CPU
		{5045FF42-5514-4BE2-8F26-1CDB0327F935}.Release|x86.Build.0 = Release|Any CPU
		{7E7A8EA5-F8A6-49B0-B1FC-E94C80143279}.Debug|Any CPU.ActiveCfg = Debug|Any CPU
		{7E7A8EA5-F8A6-49B0-B1FC-E94C80143279}.Debug|Any CPU.Build.0 = Debug|Any CPU
		{7E7A8EA5-F8A6-49B0-B1FC-E94C80143279}.Debug|x64.ActiveCfg = Debug|Any CPU
		{7E7A8EA5-F8A6-49B0-B1FC-E94C80143279}.Debug|x64.Build.0 = Debug|Any CPU
		{7E7A8EA5-F8A6-49B0-B1FC-E94C80143279}.Debug|x86.ActiveCfg = Debug|Any CPU
		{7E7A8EA5-F8A6-49B0-B1FC-E94C80143279}.Debug|x86.Build.0 = Debug|Any CPU
		{7E7A8EA5-F8A6-49B0-B1FC-E94C80143279}.Release|Any CPU.ActiveCfg = Release|Any CPU
		{7E7A8EA5-F8A6-49B0-B1FC-E94C80143279}.Release|Any CPU.Build.0 = Release|Any CPU
		{7E7A8EA5-F8A6-49B0-B1FC-E94C80143279}.Release|x64.ActiveCfg = Release|Any CPU
		{7E7A8EA5-F8A6-49B0-B1FC-E94C80143279}.Release|x64.Build.0 = Release|Any CPU
		{7E7A8EA5-F8A6-49B0-B1FC-E94C80143279}.Release|x86.ActiveCfg = Release|Any CPU
		{7E7A8EA5-F8A6-49B0-B1FC-E94C80143279}.Release|x86.Build.0 = Release|Any CPU
		{7E13ADA6-413F-42FD-9673-11E84B0767EB}.Debug|Any CPU.ActiveCfg = Debug|Any CPU
		{7E13ADA6-413F-42FD-9673-11E84B0767EB}.Debug|Any CPU.Build.0 = Debug|Any CPU
		{7E13ADA6-413F-42FD-9673-11E84B0767EB}.Debug|x64.ActiveCfg = Debug|Any CPU
		{7E13ADA6-413F-42FD-9673-11E84B0767EB}.Debug|x64.Build.0 = Debug|Any CPU
		{7E13ADA6-413F-42FD-9673-11E84B0767EB}.Debug|x86.ActiveCfg = Debug|Any CPU
		{7E13ADA6-413F-42FD-9673-11E84B0767EB}.Debug|x86.Build.0 = Debug|Any CPU
		{7E13ADA6-413F-42FD-9673-11E84B0767EB}.Release|Any CPU.ActiveCfg = Release|Any CPU
		{7E13ADA6-413F-42FD-9673-11E84B0767EB}.Release|Any CPU.Build.0 = Release|Any CPU
		{7E13ADA6-413F-42FD-9673-11E84B0767EB}.Release|x64.ActiveCfg = Release|Any CPU
		{7E13ADA6-413F-42FD-9673-11E84B0767EB}.Release|x64.Build.0 = Release|Any CPU
		{7E13ADA6-413F-42FD-9673-11E84B0767EB}.Release|x86.ActiveCfg = Release|Any CPU
		{7E13ADA6-413F-42FD-9673-11E84B0767EB}.Release|x86.Build.0 = Release|Any CPU
		{8D498778-4C03-43A4-82CA-59F9465105C6}.Debug|Any CPU.ActiveCfg = Debug|Any CPU
		{8D498778-4C03-43A4-82CA-59F9465105C6}.Debug|Any CPU.Build.0 = Debug|Any CPU
		{8D498778-4C03-43A4-82CA-59F9465105C6}.Debug|x64.ActiveCfg = Debug|Any CPU
		{8D498778-4C03-43A4-82CA-59F9465105C6}.Debug|x64.Build.0 = Debug|Any CPU
		{8D498778-4C03-43A4-82CA-59F9465105C6}.Debug|x86.ActiveCfg = Debug|Any CPU
		{8D498778-4C03-43A4-82CA-59F9465105C6}.Debug|x86.Build.0 = Debug|Any CPU
		{8D498778-4C03-43A4-82CA-59F9465105C6}.Release|Any CPU.ActiveCfg = Release|Any CPU
		{8D498778-4C03-43A4-82CA-59F9465105C6}.Release|Any CPU.Build.0 = Release|Any CPU
		{8D498778-4C03-43A4-82CA-59F9465105C6}.Release|x64.ActiveCfg = Release|Any CPU
		{8D498778-4C03-43A4-82CA-59F9465105C6}.Release|x64.Build.0 = Release|Any CPU
		{8D498778-4C03-43A4-82CA-59F9465105C6}.Release|x86.ActiveCfg = Release|Any CPU
		{8D498778-4C03-43A4-82CA-59F9465105C6}.Release|x86.Build.0 = Release|Any CPU
		{673B0030-2910-4C98-975E-073A620B8147}.Debug|Any CPU.ActiveCfg = Debug|Any CPU
		{673B0030-2910-4C98-975E-073A620B8147}.Debug|Any CPU.Build.0 = Debug|Any CPU
		{673B0030-2910-4C98-975E-073A620B8147}.Debug|x64.ActiveCfg = Debug|Any CPU
		{673B0030-2910-4C98-975E-073A620B8147}.Debug|x64.Build.0 = Debug|Any CPU
		{673B0030-2910-4C98-975E-073A620B8147}.Debug|x86.ActiveCfg = Debug|Any CPU
		{673B0030-2910-4C98-975E-073A620B8147}.Debug|x86.Build.0 = Debug|Any CPU
		{673B0030-2910-4C98-975E-073A620B8147}.Release|Any CPU.ActiveCfg = Release|Any CPU
		{673B0030-2910-4C98-975E-073A620B8147}.Release|Any CPU.Build.0 = Release|Any CPU
		{673B0030-2910-4C98-975E-073A620B8147}.Release|x64.ActiveCfg = Release|Any CPU
		{673B0030-2910-4C98-975E-073A620B8147}.Release|x64.Build.0 = Release|Any CPU
		{673B0030-2910-4C98-975E-073A620B8147}.Release|x86.ActiveCfg = Release|Any CPU
		{673B0030-2910-4C98-975E-073A620B8147}.Release|x86.Build.0 = Release|Any CPU
		{DE51D2C7-5395-4F69-991E-12C6E30B0F92}.Debug|Any CPU.ActiveCfg = Debug|Any CPU
		{DE51D2C7-5395-4F69-991E-12C6E30B0F92}.Debug|Any CPU.Build.0 = Debug|Any CPU
		{DE51D2C7-5395-4F69-991E-12C6E30B0F92}.Debug|x64.ActiveCfg = Debug|Any CPU
		{DE51D2C7-5395-4F69-991E-12C6E30B0F92}.Debug|x64.Build.0 = Debug|Any CPU
		{DE51D2C7-5395-4F69-991E-12C6E30B0F92}.Debug|x86.ActiveCfg = Debug|Any CPU
		{DE51D2C7-5395-4F69-991E-12C6E30B0F92}.Debug|x86.Build.0 = Debug|Any CPU
		{DE51D2C7-5395-4F69-991E-12C6E30B0F92}.Release|Any CPU.ActiveCfg = Release|Any CPU
		{DE51D2C7-5395-4F69-991E-12C6E30B0F92}.Release|Any CPU.Build.0 = Release|Any CPU
		{DE51D2C7-5395-4F69-991E-12C6E30B0F92}.Release|x64.ActiveCfg = Release|Any CPU
		{DE51D2C7-5395-4F69-991E-12C6E30B0F92}.Release|x64.Build.0 = Release|Any CPU
		{DE51D2C7-5395-4F69-991E-12C6E30B0F92}.Release|x86.ActiveCfg = Release|Any CPU
		{DE51D2C7-5395-4F69-991E-12C6E30B0F92}.Release|x86.Build.0 = Release|Any CPU
		{1CFD2313-7557-476D-97ED-DA0C1703F6A4}.Debug|Any CPU.ActiveCfg = Debug|Any CPU
		{1CFD2313-7557-476D-97ED-DA0C1703F6A4}.Debug|Any CPU.Build.0 = Debug|Any CPU
		{1CFD2313-7557-476D-97ED-DA0C1703F6A4}.Debug|x64.ActiveCfg = Debug|Any CPU
		{1CFD2313-7557-476D-97ED-DA0C1703F6A4}.Debug|x64.Build.0 = Debug|Any CPU
		{1CFD2313-7557-476D-97ED-DA0C1703F6A4}.Debug|x86.ActiveCfg = Debug|Any CPU
		{1CFD2313-7557-476D-97ED-DA0C1703F6A4}.Debug|x86.Build.0 = Debug|Any CPU
		{1CFD2313-7557-476D-97ED-DA0C1703F6A4}.Release|Any CPU.ActiveCfg = Release|Any CPU
		{1CFD2313-7557-476D-97ED-DA0C1703F6A4}.Release|Any CPU.Build.0 = Release|Any CPU
		{1CFD2313-7557-476D-97ED-DA0C1703F6A4}.Release|x64.ActiveCfg = Release|Any CPU
		{1CFD2313-7557-476D-97ED-DA0C1703F6A4}.Release|x64.Build.0 = Release|Any CPU
		{1CFD2313-7557-476D-97ED-DA0C1703F6A4}.Release|x86.ActiveCfg = Release|Any CPU
		{1CFD2313-7557-476D-97ED-DA0C1703F6A4}.Release|x86.Build.0 = Release|Any CPU
		{7810B081-4124-481E-9CB5-5CFE8B4B7EDB}.Debug|Any CPU.ActiveCfg = Debug|Any CPU
		{7810B081-4124-481E-9CB5-5CFE8B4B7EDB}.Debug|Any CPU.Build.0 = Debug|Any CPU
		{7810B081-4124-481E-9CB5-5CFE8B4B7EDB}.Debug|x64.ActiveCfg = Debug|Any CPU
		{7810B081-4124-481E-9CB5-5CFE8B4B7EDB}.Debug|x64.Build.0 = Debug|Any CPU
		{7810B081-4124-481E-9CB5-5CFE8B4B7EDB}.Debug|x86.ActiveCfg = Debug|Any CPU
		{7810B081-4124-481E-9CB5-5CFE8B4B7EDB}.Debug|x86.Build.0 = Debug|Any CPU
		{7810B081-4124-481E-9CB5-5CFE8B4B7EDB}.Release|Any CPU.ActiveCfg = Release|Any CPU
		{7810B081-4124-481E-9CB5-5CFE8B4B7EDB}.Release|Any CPU.Build.0 = Release|Any CPU
		{7810B081-4124-481E-9CB5-5CFE8B4B7EDB}.Release|x64.ActiveCfg = Release|Any CPU
		{7810B081-4124-481E-9CB5-5CFE8B4B7EDB}.Release|x64.Build.0 = Release|Any CPU
		{7810B081-4124-481E-9CB5-5CFE8B4B7EDB}.Release|x86.ActiveCfg = Release|Any CPU
		{7810B081-4124-481E-9CB5-5CFE8B4B7EDB}.Release|x86.Build.0 = Release|Any CPU
		{C2CFB8E2-9EC9-4A3B-A6F4-27B8EDFD3AED}.Debug|Any CPU.ActiveCfg = Debug|Any CPU
		{C2CFB8E2-9EC9-4A3B-A6F4-27B8EDFD3AED}.Debug|Any CPU.Build.0 = Debug|Any CPU
		{C2CFB8E2-9EC9-4A3B-A6F4-27B8EDFD3AED}.Debug|x64.ActiveCfg = Debug|Any CPU
		{C2CFB8E2-9EC9-4A3B-A6F4-27B8EDFD3AED}.Debug|x64.Build.0 = Debug|Any CPU
		{C2CFB8E2-9EC9-4A3B-A6F4-27B8EDFD3AED}.Debug|x86.ActiveCfg = Debug|Any CPU
		{C2CFB8E2-9EC9-4A3B-A6F4-27B8EDFD3AED}.Debug|x86.Build.0 = Debug|Any CPU
		{C2CFB8E2-9EC9-4A3B-A6F4-27B8EDFD3AED}.Release|Any CPU.ActiveCfg = Release|Any CPU
		{C2CFB8E2-9EC9-4A3B-A6F4-27B8EDFD3AED}.Release|Any CPU.Build.0 = Release|Any CPU
		{C2CFB8E2-9EC9-4A3B-A6F4-27B8EDFD3AED}.Release|x64.ActiveCfg = Release|Any CPU
		{C2CFB8E2-9EC9-4A3B-A6F4-27B8EDFD3AED}.Release|x64.Build.0 = Release|Any CPU
		{C2CFB8E2-9EC9-4A3B-A6F4-27B8EDFD3AED}.Release|x86.ActiveCfg = Release|Any CPU
		{C2CFB8E2-9EC9-4A3B-A6F4-27B8EDFD3AED}.Release|x86.Build.0 = Release|Any CPU
		{ED36D96E-DC99-4F7F-BFAC-4BC9AB518003}.Debug|Any CPU.ActiveCfg = Debug|Any CPU
		{ED36D96E-DC99-4F7F-BFAC-4BC9AB518003}.Debug|Any CPU.Build.0 = Debug|Any CPU
		{ED36D96E-DC99-4F7F-BFAC-4BC9AB518003}.Debug|x64.ActiveCfg = Debug|Any CPU
		{ED36D96E-DC99-4F7F-BFAC-4BC9AB518003}.Debug|x64.Build.0 = Debug|Any CPU
		{ED36D96E-DC99-4F7F-BFAC-4BC9AB518003}.Debug|x86.ActiveCfg = Debug|Any CPU
		{ED36D96E-DC99-4F7F-BFAC-4BC9AB518003}.Debug|x86.Build.0 = Debug|Any CPU
		{ED36D96E-DC99-4F7F-BFAC-4BC9AB518003}.Release|Any CPU.ActiveCfg = Release|Any CPU
		{ED36D96E-DC99-4F7F-BFAC-4BC9AB518003}.Release|Any CPU.Build.0 = Release|Any CPU
		{ED36D96E-DC99-4F7F-BFAC-4BC9AB518003}.Release|x64.ActiveCfg = Release|Any CPU
		{ED36D96E-DC99-4F7F-BFAC-4BC9AB518003}.Release|x64.Build.0 = Release|Any CPU
		{ED36D96E-DC99-4F7F-BFAC-4BC9AB518003}.Release|x86.ActiveCfg = Release|Any CPU
		{ED36D96E-DC99-4F7F-BFAC-4BC9AB518003}.Release|x86.Build.0 = Release|Any CPU
		{8D5FA5D6-9673-4217-85E9-1491B6159F6D}.Debug|Any CPU.ActiveCfg = Debug|Any CPU
		{8D5FA5D6-9673-4217-85E9-1491B6159F6D}.Debug|Any CPU.Build.0 = Debug|Any CPU
		{8D5FA5D6-9673-4217-85E9-1491B6159F6D}.Debug|x64.ActiveCfg = Debug|Any CPU
		{8D5FA5D6-9673-4217-85E9-1491B6159F6D}.Debug|x64.Build.0 = Debug|Any CPU
		{8D5FA5D6-9673-4217-85E9-1491B6159F6D}.Debug|x86.ActiveCfg = Debug|Any CPU
		{8D5FA5D6-9673-4217-85E9-1491B6159F6D}.Debug|x86.Build.0 = Debug|Any CPU
		{8D5FA5D6-9673-4217-85E9-1491B6159F6D}.Release|Any CPU.ActiveCfg = Release|Any CPU
		{8D5FA5D6-9673-4217-85E9-1491B6159F6D}.Release|Any CPU.Build.0 = Release|Any CPU
		{8D5FA5D6-9673-4217-85E9-1491B6159F6D}.Release|x64.ActiveCfg = Release|Any CPU
		{8D5FA5D6-9673-4217-85E9-1491B6159F6D}.Release|x64.Build.0 = Release|Any CPU
		{8D5FA5D6-9673-4217-85E9-1491B6159F6D}.Release|x86.ActiveCfg = Release|Any CPU
		{8D5FA5D6-9673-4217-85E9-1491B6159F6D}.Release|x86.Build.0 = Release|Any CPU
		{0C05B796-AFA4-4F6D-B730-046D75389647}.Debug|Any CPU.ActiveCfg = Debug|Any CPU
		{0C05B796-AFA4-4F6D-B730-046D75389647}.Debug|Any CPU.Build.0 = Debug|Any CPU
		{0C05B796-AFA4-4F6D-B730-046D75389647}.Debug|x64.ActiveCfg = Debug|Any CPU
		{0C05B796-AFA4-4F6D-B730-046D75389647}.Debug|x64.Build.0 = Debug|Any CPU
		{0C05B796-AFA4-4F6D-B730-046D75389647}.Debug|x86.ActiveCfg = Debug|Any CPU
		{0C05B796-AFA4-4F6D-B730-046D75389647}.Debug|x86.Build.0 = Debug|Any CPU
		{0C05B796-AFA4-4F6D-B730-046D75389647}.Release|Any CPU.ActiveCfg = Release|Any CPU
		{0C05B796-AFA4-4F6D-B730-046D75389647}.Release|Any CPU.Build.0 = Release|Any CPU
		{0C05B796-AFA4-4F6D-B730-046D75389647}.Release|x64.ActiveCfg = Release|Any CPU
		{0C05B796-AFA4-4F6D-B730-046D75389647}.Release|x64.Build.0 = Release|Any CPU
		{0C05B796-AFA4-4F6D-B730-046D75389647}.Release|x86.ActiveCfg = Release|Any CPU
		{0C05B796-AFA4-4F6D-B730-046D75389647}.Release|x86.Build.0 = Release|Any CPU
		{F13B16A4-DC81-4715-856E-4D3810A1C014}.Debug|Any CPU.ActiveCfg = Debug|Any CPU
		{F13B16A4-DC81-4715-856E-4D3810A1C014}.Debug|Any CPU.Build.0 = Debug|Any CPU
		{F13B16A4-DC81-4715-856E-4D3810A1C014}.Debug|x64.ActiveCfg = Debug|Any CPU
		{F13B16A4-DC81-4715-856E-4D3810A1C014}.Debug|x64.Build.0 = Debug|Any CPU
		{F13B16A4-DC81-4715-856E-4D3810A1C014}.Debug|x86.ActiveCfg = Debug|Any CPU
		{F13B16A4-DC81-4715-856E-4D3810A1C014}.Debug|x86.Build.0 = Debug|Any CPU
		{F13B16A4-DC81-4715-856E-4D3810A1C014}.Release|Any CPU.ActiveCfg = Release|Any CPU
		{F13B16A4-DC81-4715-856E-4D3810A1C014}.Release|Any CPU.Build.0 = Release|Any CPU
		{F13B16A4-DC81-4715-856E-4D3810A1C014}.Release|x64.ActiveCfg = Release|Any CPU
		{F13B16A4-DC81-4715-856E-4D3810A1C014}.Release|x64.Build.0 = Release|Any CPU
		{F13B16A4-DC81-4715-856E-4D3810A1C014}.Release|x86.ActiveCfg = Release|Any CPU
		{F13B16A4-DC81-4715-856E-4D3810A1C014}.Release|x86.Build.0 = Release|Any CPU
		{7843CF7B-9685-46AA-AE8F-DFE7FACA42C3}.Debug|Any CPU.ActiveCfg = Debug|Any CPU
		{7843CF7B-9685-46AA-AE8F-DFE7FACA42C3}.Debug|Any CPU.Build.0 = Debug|Any CPU
		{7843CF7B-9685-46AA-AE8F-DFE7FACA42C3}.Debug|x64.ActiveCfg = Debug|Any CPU
		{7843CF7B-9685-46AA-AE8F-DFE7FACA42C3}.Debug|x64.Build.0 = Debug|Any CPU
		{7843CF7B-9685-46AA-AE8F-DFE7FACA42C3}.Debug|x86.ActiveCfg = Debug|Any CPU
		{7843CF7B-9685-46AA-AE8F-DFE7FACA42C3}.Debug|x86.Build.0 = Debug|Any CPU
		{7843CF7B-9685-46AA-AE8F-DFE7FACA42C3}.Release|Any CPU.ActiveCfg = Release|Any CPU
		{7843CF7B-9685-46AA-AE8F-DFE7FACA42C3}.Release|Any CPU.Build.0 = Release|Any CPU
		{7843CF7B-9685-46AA-AE8F-DFE7FACA42C3}.Release|x64.ActiveCfg = Release|Any CPU
		{7843CF7B-9685-46AA-AE8F-DFE7FACA42C3}.Release|x64.Build.0 = Release|Any CPU
		{7843CF7B-9685-46AA-AE8F-DFE7FACA42C3}.Release|x86.ActiveCfg = Release|Any CPU
		{7843CF7B-9685-46AA-AE8F-DFE7FACA42C3}.Release|x86.Build.0 = Release|Any CPU
	EndGlobalSection
	GlobalSection(SolutionProperties) = preSolution
		HideSolutionNode = FALSE
	EndGlobalSection
	GlobalSection(NestedProjects) = preSolution
		{3B4C31F0-27AC-1F33-36E4-D55C365C52C7} = {D729B98E-EC91-50F9-CF08-7865296041D6}
		{EC7066BC-3151-410A-AA6C-5309CE16A825} = {C1EBBBC8-25DF-4B35-981A-3FED65EBB96D}
		{5045FF42-5514-4BE2-8F26-1CDB0327F935} = {C1EBBBC8-25DF-4B35-981A-3FED65EBB96D}
		{7E7A8EA5-F8A6-49B0-B1FC-E94C80143279} = {C1EBBBC8-25DF-4B35-981A-3FED65EBB96D}
		{7E13ADA6-413F-42FD-9673-11E84B0767EB} = {C1EBBBC8-25DF-4B35-981A-3FED65EBB96D}
		{8D498778-4C03-43A4-82CA-59F9465105C6} = {02EA681E-C7D8-13C7-8484-4AC65E1B71E8}
		{673B0030-2910-4C98-975E-073A620B8147} = {02EA681E-C7D8-13C7-8484-4AC65E1B71E8}
		{DE51D2C7-5395-4F69-991E-12C6E30B0F92} = {02EA681E-C7D8-13C7-8484-4AC65E1B71E8}
		{1CFD2313-7557-476D-97ED-DA0C1703F6A4} = {02EA681E-C7D8-13C7-8484-4AC65E1B71E8}
		{02EA681E-C7D8-13C7-8484-4AC65E1B71E8} = {3B4C31F0-27AC-1F33-36E4-D55C365C52C7}
		{C1EBBBC8-25DF-4B35-981A-3FED65EBB96D} = {3B4C31F0-27AC-1F33-36E4-D55C365C52C7}
		{8EBB4EE9-653E-43A3-8129-16923541B7CA} = {3B4C31F0-27AC-1F33-36E4-D55C365C52C7}
		{7810B081-4124-481E-9CB5-5CFE8B4B7EDB} = {8EBB4EE9-653E-43A3-8129-16923541B7CA}
		{C2CFB8E2-9EC9-4A3B-A6F4-27B8EDFD3AED} = {8EBB4EE9-653E-43A3-8129-16923541B7CA}
		{ED36D96E-DC99-4F7F-BFAC-4BC9AB518003} = {8EBB4EE9-653E-43A3-8129-16923541B7CA}
		{8D5FA5D6-9673-4217-85E9-1491B6159F6D} = {8EBB4EE9-653E-43A3-8129-16923541B7CA}
		{532492DE-B2FD-4570-9CF8-D9107CC4B89B} = {D729B98E-EC91-50F9-CF08-7865296041D6}
		{0C05B796-AFA4-4F6D-B730-046D75389647} = {532492DE-B2FD-4570-9CF8-D9107CC4B89B}
		{9D783E27-F77B-45D7-95F3-2853F79FE618} = {D729B98E-EC91-50F9-CF08-7865296041D6}
		{F13B16A4-DC81-4715-856E-4D3810A1C014} = {9D783E27-F77B-45D7-95F3-2853F79FE618}
		{F4D4581D-BC4E-4AB8-BF55-669507FCC6F6} = {D729B98E-EC91-50F9-CF08-7865296041D6}
		{7843CF7B-9685-46AA-AE8F-DFE7FACA42C3} = {F4D4581D-BC4E-4AB8-BF55-669507FCC6F6}
	EndGlobalSection
	GlobalSection(ExtensibilityGlobals) = postSolution
		SolutionGuid = {3E8715E8-F8E7-4B04-9B09-68DE52A57423}
	EndGlobalSection
EndGlobal
